
Microsoft Visual Studio Solution File, Format Version 12.00
# Visual Studio Version 16
VisualStudioVersion = 16.0.29509.3
MinimumVisualStudioVersion = 10.0.40219.1
Project("{FAE04EC0-301F-11D3-BF4B-00C04F79EFBC}") = "EventApp.Android", "EventApp\EventApp.Android\EventApp.Android.csproj", "{C3F09350-6A61-4C69-B5B3-A9674597397D}"
EndProject
Project("{FAE04EC0-301F-11D3-BF4B-00C04F79EFBC}") = "EventApp.iOS", "EventApp\EventApp.iOS\EventApp.iOS.csproj", "{D1F8E2AF-F812-49FF-9FB6-CD867AF47E7A}"
EndProject
Project("{FAE04EC0-301F-11D3-BF4B-00C04F79EFBC}") = "EventApp", "EventApp\EventApp\EventApp.csproj", "{08C6B7AB-1FC8-4708-86D1-7C93DA146FBC}"
EndProject
Global
	GlobalSection(SolutionConfigurationPlatforms) = preSolution
		Debug|Any CPU = Debug|Any CPU
		Debug|iPhone = Debug|iPhone
		Debug|iPhoneSimulator = Debug|iPhoneSimulator
		Release|Any CPU = Release|Any CPU
		Release|iPhone = Release|iPhone
		Release|iPhoneSimulator = Release|iPhoneSimulator
	EndGlobalSection
	GlobalSection(ProjectConfigurationPlatforms) = postSolution
		{C3F09350-6A61-4C69-B5B3-A9674597397D}.Debug|Any CPU.ActiveCfg = Debug|Any CPU
		{C3F09350-6A61-4C69-B5B3-A9674597397D}.Debug|Any CPU.Build.0 = Debug|Any CPU
		{C3F09350-6A61-4C69-B5B3-A9674597397D}.Debug|Any CPU.Deploy.0 = Debug|Any CPU
		{C3F09350-6A61-4C69-B5B3-A9674597397D}.Debug|iPhone.ActiveCfg = Debug|Any CPU
		{C3F09350-6A61-4C69-B5B3-A9674597397D}.Debug|iPhone.Build.0 = Debug|Any CPU
		{C3F09350-6A61-4C69-B5B3-A9674597397D}.Debug|iPhone.Deploy.0 = Debug|Any CPU
		{C3F09350-6A61-4C69-B5B3-A9674597397D}.Debug|iPhoneSimulator.ActiveCfg = Debug|Any CPU
		{C3F09350-6A61-4C69-B5B3-A9674597397D}.Debug|iPhoneSimulator.Build.0 = Debug|Any CPU
		{C3F09350-6A61-4C69-B5B3-A9674597397D}.Debug|iPhoneSimulator.Deploy.0 = Debug|Any CPU
		{C3F09350-6A61-4C69-B5B3-A9674597397D}.Release|Any CPU.ActiveCfg = Release|Any CPU
		{C3F09350-6A61-4C69-B5B3-A9674597397D}.Release|Any CPU.Build.0 = Release|Any CPU
		{C3F09350-6A61-4C69-B5B3-A9674597397D}.Release|Any CPU.Deploy.0 = Release|Any CPU
		{C3F09350-6A61-4C69-B5B3-A9674597397D}.Release|iPhone.ActiveCfg = Release|Any CPU
		{C3F09350-6A61-4C69-B5B3-A9674597397D}.Release|iPhone.Build.0 = Release|Any CPU
		{C3F09350-6A61-4C69-B5B3-A9674597397D}.Release|iPhone.Deploy.0 = Release|Any CPU
		{C3F09350-6A61-4C69-B5B3-A9674597397D}.Release|iPhoneSimulator.ActiveCfg = Release|Any CPU
		{C3F09350-6A61-4C69-B5B3-A9674597397D}.Release|iPhoneSimulator.Build.0 = Release|Any CPU
		{C3F09350-6A61-4C69-B5B3-A9674597397D}.Release|iPhoneSimulator.Deploy.0 = Release|Any CPU
		{D1F8E2AF-F812-49FF-9FB6-CD867AF47E7A}.Debug|Any CPU.ActiveCfg = Debug|iPhoneSimulator
		{D1F8E2AF-F812-49FF-9FB6-CD867AF47E7A}.Debug|Any CPU.Build.0 = Debug|iPhoneSimulator
		{D1F8E2AF-F812-49FF-9FB6-CD867AF47E7A}.Debug|Any CPU.Deploy.0 = Debug|iPhoneSimulator
		{D1F8E2AF-F812-49FF-9FB6-CD867AF47E7A}.Debug|iPhone.ActiveCfg = Debug|iPhone
		{D1F8E2AF-F812-49FF-9FB6-CD867AF47E7A}.Debug|iPhone.Build.0 = Debug|iPhone
		{D1F8E2AF-F812-49FF-9FB6-CD867AF47E7A}.Debug|iPhone.Deploy.0 = Debug|iPhone
		{D1F8E2AF-F812-49FF-9FB6-CD867AF47E7A}.Debug|iPhoneSimulator.ActiveCfg = Debug|iPhoneSimulator
		{D1F8E2AF-F812-49FF-9FB6-CD867AF47E7A}.Debug|iPhoneSimulator.Build.0 = Debug|iPhoneSimulator
		{D1F8E2AF-F812-49FF-9FB6-CD867AF47E7A}.Debug|iPhoneSimulator.Deploy.0 = Debug|iPhoneSimulator
		{D1F8E2AF-F812-49FF-9FB6-CD867AF47E7A}.Release|Any CPU.ActiveCfg = Release|iPhone
		{D1F8E2AF-F812-49FF-9FB6-CD867AF47E7A}.Release|Any CPU.Build.0 = Release|iPhone
		{D1F8E2AF-F812-49FF-9FB6-CD867AF47E7A}.Release|Any CPU.Deploy.0 = Release|iPhone
		{D1F8E2AF-F812-49FF-9FB6-CD867AF47E7A}.Release|iPhone.ActiveCfg = Release|iPhone
		{D1F8E2AF-F812-49FF-9FB6-CD867AF47E7A}.Release|iPhone.Build.0 = Release|iPhone
		{D1F8E2AF-F812-49FF-9FB6-CD867AF47E7A}.Release|iPhone.Deploy.0 = Release|iPhone
		{D1F8E2AF-F812-49FF-9FB6-CD867AF47E7A}.Release|iPhoneSimulator.ActiveCfg = Release|iPhoneSimulator
		{D1F8E2AF-F812-49FF-9FB6-CD867AF47E7A}.Release|iPhoneSimulator.Build.0 = Release|iPhoneSimulator
		{D1F8E2AF-F812-49FF-9FB6-CD867AF47E7A}.Release|iPhoneSimulator.Deploy.0 = Release|iPhoneSimulator
		{08C6B7AB-1FC8-4708-86D1-7C93DA146FBC}.Debug|Any CPU.ActiveCfg = Debug|Any CPU
		{08C6B7AB-1FC8-4708-86D1-7C93DA146FBC}.Debug|Any CPU.Build.0 = Debug|Any CPU
		{08C6B7AB-1FC8-4708-86D1-7C93DA146FBC}.Debug|Any CPU.Deploy.0 = Debug|Any CPU
		{08C6B7AB-1FC8-4708-86D1-7C93DA146FBC}.Debug|iPhone.ActiveCfg = Debug|Any CPU
		{08C6B7AB-1FC8-4708-86D1-7C93DA146FBC}.Debug|iPhone.Build.0 = Debug|Any CPU
		{08C6B7AB-1FC8-4708-86D1-7C93DA146FBC}.Debug|iPhone.Deploy.0 = Debug|Any CPU
		{08C6B7AB-1FC8-4708-86D1-7C93DA146FBC}.Debug|iPhoneSimulator.ActiveCfg = Debug|Any CPU
		{08C6B7AB-1FC8-4708-86D1-7C93DA146FBC}.Debug|iPhoneSimulator.Build.0 = Debug|Any CPU
		{08C6B7AB-1FC8-4708-86D1-7C93DA146FBC}.Debug|iPhoneSimulator.Deploy.0 = Debug|Any CPU
		{08C6B7AB-1FC8-4708-86D1-7C93DA146FBC}.Release|Any CPU.ActiveCfg = Release|Any CPU
		{08C6B7AB-1FC8-4708-86D1-7C93DA146FBC}.Release|Any CPU.Build.0 = Release|Any CPU
		{08C6B7AB-1FC8-4708-86D1-7C93DA146FBC}.Release|Any CPU.Deploy.0 = Release|Any CPU
		{08C6B7AB-1FC8-4708-86D1-7C93DA146FBC}.Release|iPhone.ActiveCfg = Release|Any CPU
		{08C6B7AB-1FC8-4708-86D1-7C93DA146FBC}.Release|iPhone.Build.0 = Release|Any CPU
		{08C6B7AB-1FC8-4708-86D1-7C93DA146FBC}.Release|iPhone.Deploy.0 = Release|Any CPU
		{08C6B7AB-1FC8-4708-86D1-7C93DA146FBC}.Release|iPhoneSimulator.ActiveCfg = Release|Any CPU
		{08C6B7AB-1FC8-4708-86D1-7C93DA146FBC}.Release|iPhoneSimulator.Build.0 = Release|Any CPU
		{08C6B7AB-1FC8-4708-86D1-7C93DA146FBC}.Release|iPhoneSimulator.Deploy.0 = Release|Any CPU
	EndGlobalSection
	GlobalSection(SolutionProperties) = preSolution
		HideSolutionNode = FALSE
	EndGlobalSection
	GlobalSection(ExtensibilityGlobals) = postSolution
		SolutionGuid = {678A9D6F-A675-45D1-B164-135790BA2941}
	EndGlobalSection
EndGlobal
